
Microsoft Visual Studio Solution File, Format Version 12.00
# Visual Studio 2013
VisualStudioVersion = 12.0.30723.0
MinimumVisualStudioVersion = 10.0.40219.1
Project("{FAE04EC0-301F-11D3-BF4B-00C04F79EFBC}") = "MultipleInstanceSS", "MultipleInstanceSS\MultipleInstanceSS.csproj", "{DB0EBC1D-A2D9-4BDA-A39C-3A2FBD56297A}"
EndProject
Project("{FAE04EC0-301F-11D3-BF4B-00C04F79EFBC}") = "SSLauncherStub", "SSLauncherStub\SSLauncherStub.csproj", "{6A540157-1301-4E08-8C5C-EAC8F5C7D5B4}"
EndProject
Global
	GlobalSection(SolutionConfigurationPlatforms) = preSolution
		Debug|Any CPU = Debug|Any CPU
		Release|Any CPU = Release|Any CPU
	EndGlobalSection
	GlobalSection(ProjectConfigurationPlatforms) = postSolution
		{DB0EBC1D-A2D9-4BDA-A39C-3A2FBD56297A}.Debug|Any CPU.ActiveCfg = Debug|Any CPU
		{DB0EBC1D-A2D9-4BDA-A39C-3A2FBD56297A}.Debug|Any CPU.Build.0 = Debug|Any CPU
		{DB0EBC1D-A2D9-4BDA-A39C-3A2FBD56297A}.Release|Any CPU.ActiveCfg = Release|Any CPU
		{DB0EBC1D-A2D9-4BDA-A39C-3A2FBD56297A}.Release|Any CPU.Build.0 = Release|Any CPU
		{6A540157-1301-4E08-8C5C-EAC8F5C7D5B4}.Debug|Any CPU.ActiveCfg = Debug|Any CPU
		{6A540157-1301-4E08-8C5C-EAC8F5C7D5B4}.Debug|Any CPU.Build.0 = Debug|Any CPU
		{6A540157-1301-4E08-8C5C-EAC8F5C7D5B4}.Release|Any CPU.ActiveCfg = Release|Any CPU
		{6A540157-1301-4E08-8C5C-EAC8F5C7D5B4}.Release|Any CPU.Build.0 = Release|Any CPU
	EndGlobalSection
	GlobalSection(SolutionProperties) = preSolution
		HideSolutionNode = FALSE
	EndGlobalSection
EndGlobal
